
Microsoft Visual Studio Solution File, Format Version 12.00
# Visual Studio Version 17
VisualStudioVersion = 17.4.33110.190
MinimumVisualStudioVersion = 10.0.40219.1
Project("{FAE04EC0-301F-11D3-BF4B-00C04F79EFBC}") = "SalesCRMApp", "SalesCRMApp\SalesCRMApp.csproj", "{23EBF393-65C0-4646-BAE9-FEFDD81B109C}"
EndProject
Global
	GlobalSection(SolutionConfigurationPlatforms) = preSolution
		Debug|Any CPU = Debug|Any CPU
		Release|Any CPU = Release|Any CPU
	EndGlobalSection
	GlobalSection(ProjectConfigurationPlatforms) = postSolution
		{23EBF393-65C0-4646-BAE9-FEFDD81B109C}.Debug|Any CPU.ActiveCfg = Debug|Any CPU
		{23EBF393-65C0-4646-BAE9-FEFDD81B109C}.Debug|Any CPU.Build.0 = Debug|Any CPU
		{23EBF393-65C0-4646-BAE9-FEFDD81B109C}.Release|Any CPU.ActiveCfg = Release|Any CPU
		{23EBF393-65C0-4646-BAE9-FEFDD81B109C}.Release|Any CPU.Build.0 = Release|Any CPU
	EndGlobalSection
	GlobalSection(SolutionProperties) = preSolution
		HideSolutionNode = FALSE
	EndGlobalSection
	GlobalSection(ExtensibilityGlobals) = postSolution
		SolutionGuid = {DCC41F7A-B562-4ED5-A76C-8CF00CBB8C79}
	EndGlobalSection
EndGlobal
